
Microsoft Visual Studio Solution File, Format Version 12.00
Project("{FAE04EC0-301F-11D3-BF4B-00C04F79EFBC}") = "grpcServer", "grpcServer\grpcServer.csproj", "{64916DE3-BE97-45AA-AA1B-0F67E8CB9F36}"
EndProject
Project("{FAE04EC0-301F-11D3-BF4B-00C04F79EFBC}") = "grpcServer.Infrastructure", "grpcServer.Infrastructure\grpcServer.Infrastructure.csproj", "{1CB2F4B9-F548-4ED3-B807-A305741A7901}"
EndProject
Global
	GlobalSection(SolutionConfigurationPlatforms) = preSolution
		Debug|Any CPU = Debug|Any CPU
		Release|Any CPU = Release|Any CPU
	EndGlobalSection
	GlobalSection(ProjectConfigurationPlatforms) = postSolution
		{64916DE3-BE97-45AA-AA1B-0F67E8CB9F36}.Debug|Any CPU.ActiveCfg = Debug|Any CPU
		{64916DE3-BE97-45AA-AA1B-0F67E8CB9F36}.Debug|Any CPU.Build.0 = Debug|Any CPU
		{64916DE3-BE97-45AA-AA1B-0F67E8CB9F36}.Release|Any CPU.ActiveCfg = Release|Any CPU
		{64916DE3-BE97-45AA-AA1B-0F67E8CB9F36}.Release|Any CPU.Build.0 = Release|Any CPU
		{1CB2F4B9-F548-4ED3-B807-A305741A7901}.Debug|Any CPU.ActiveCfg = Debug|Any CPU
		{1CB2F4B9-F548-4ED3-B807-A305741A7901}.Debug|Any CPU.Build.0 = Debug|Any CPU
		{1CB2F4B9-F548-4ED3-B807-A305741A7901}.Release|Any CPU.ActiveCfg = Release|Any CPU
		{1CB2F4B9-F548-4ED3-B807-A305741A7901}.Release|Any CPU.Build.0 = Release|Any CPU
	EndGlobalSection
EndGlobal
